Microsoft Visual Studio Solution File, Format Version 12.00
# Visual Studio Version 17
VisualStudioVersion = 17.5.2.0
MinimumVisualStudioVersion = 10.0.40219.1
Project("{FAE04EC0-301F-11D3-BF4B-00C04F79EFBC}") = "Jogo", "Jogo\Jogo.csproj", "{EBFBBBB1-C39E-D7F9-4A61-B0B8B943E913}"
EndProject
Global
	GlobalSection(SolutionConfigurationPlatforms) = preSolution
		Debug|Any CPU = Debug|Any CPU
		Release|Any CPU = Release|Any CPU
	EndGlobalSection
	GlobalSection(ProjectConfigurationPlatforms) = postSolution
		{EBFBBBB1-C39E-D7F9-4A61-B0B8B943E913}.Debug|Any CPU.ActiveCfg = Debug|Any CPU
		{EBFBBBB1-C39E-D7F9-4A61-B0B8B943E913}.Debug|Any CPU.Build.0 = Debug|Any CPU
		{EBFBBBB1-C39E-D7F9-4A61-B0B8B943E913}.Release|Any CPU.ActiveCfg = Release|Any CPU
		{EBFBBBB1-C39E-D7F9-4A61-B0B8B943E913}.Release|Any CPU.Build.0 = Release|Any CPU
	EndGlobalSection
	GlobalSection(SolutionProperties) = preSolution
		HideSolutionNode = FALSE
	EndGlobalSection
	GlobalSection(ExtensibilityGlobals) = postSolution
		SolutionGuid = {1A225224-5222-404D-9F15-F095CC3D263A}
	EndGlobalSection
EndGlobal
